
Microsoft Visual Studio Solution File, Format Version 12.00
# Visual Studio Version 17
VisualStudioVersion = 17.4.33213.308
MinimumVisualStudioVersion = 10.0.40219.1
Project("{FAE04EC0-301F-11D3-BF4B-00C04F79EFBC}") = "LeaveManagement", "LeaveManagement\LeaveManagement.csproj", "{38F3919B-DCDF-48CC-997A-E966370174E1}"
EndProject
Global
	GlobalSection(SolutionConfigurationPlatforms) = preSolution
		Debug|Any CPU = Debug|Any CPU
		Release|Any CPU = Release|Any CPU
	EndGlobalSection
	GlobalSection(ProjectConfigurationPlatforms) = postSolution
		{38F3919B-DCDF-48CC-997A-E966370174E1}.Debug|Any CPU.ActiveCfg = Debug|Any CPU
		{38F3919B-DCDF-48CC-997A-E966370174E1}.Debug|Any CPU.Build.0 = Debug|Any CPU
		{38F3919B-DCDF-48CC-997A-E966370174E1}.Release|Any CPU.ActiveCfg = Release|Any CPU
		{38F3919B-DCDF-48CC-997A-E966370174E1}.Release|Any CPU.Build.0 = Release|Any CPU
	EndGlobalSection
	GlobalSection(SolutionProperties) = preSolution
		HideSolutionNode = FALSE
	EndGlobalSection
	GlobalSection(ExtensibilityGlobals) = postSolution
		SolutionGuid = {476DA86A-86AA-4E59-AD1F-C69EDF0FE9C1}
	EndGlobalSection
EndGlobal
